
Microsoft Visual Studio Solution File, Format Version 12.00
# Visual Studio Version 17
VisualStudioVersion = 17.2.32516.85
MinimumVisualStudioVersion = 10.0.40219.1
Project("{9A19103F-16F7-4668-BE54-9A1E7A4F7556}") = "Stack-Queue", "Stack-Queue\Stack-Queue.csproj", "{1DE22939-9547-456A-B808-760E6DCD9BB7}"
EndProject
Project("{9A19103F-16F7-4668-BE54-9A1E7A4F7556}") = "StackArray", "StackArray\StackArray.csproj", "{F6B88BAF-392D-4335-BBD9-53B0939FFD13}"
EndProject
Project("{9A19103F-16F7-4668-BE54-9A1E7A4F7556}") = "StackLinkedList", "StackLinkedList\StackLinkedList.csproj", "{1DC0E72D-9465-404A-A2C0-BDFBCEE7D574}"
EndProject
Project("{9A19103F-16F7-4668-BE54-9A1E7A4F7556}") = "QueueArray", "QueueArray\QueueArray.csproj", "{75DAC494-ADC7-4ADB-A536-846D4F963FDA}"
EndProject
Project("{9A19103F-16F7-4668-BE54-9A1E7A4F7556}") = "QueueLinkedList", "QueueLinkedList\QueueLinkedList.csproj", "{10391FBD-4239-412E-A814-E117F55BA310}"
EndProject
Project("{9A19103F-16F7-4668-BE54-9A1E7A4F7556}") = "CircularQueue", "CirculatQueue\CircularQueue.csproj", "{7E5C1652-9914-4C26-ACAE-0EE5EE721C86}"
EndProject
Project("{9A19103F-16F7-4668-BE54-9A1E7A4F7556}") = "ParanthesesValidation", "ParanthesesValidation\ParanthesesValidation.csproj", "{4D29F672-EB79-48E2-B531-10DB56003EAE}"
EndProject
Project("{FAE04EC0-301F-11D3-BF4B-00C04F79EFBC}") = "PostfixEvaluate", "PostfixProject\PostfixEvaluate.csproj", "{4012EB61-A19A-4AA6-B820-3C43A95FBCA2}"
EndProject
Global
	GlobalSection(SolutionConfigurationPlatforms) = preSolution
		Debug|Any CPU = Debug|Any CPU
		Release|Any CPU = Release|Any CPU
	EndGlobalSection
	GlobalSection(ProjectConfigurationPlatforms) = postSolution
		{1DE22939-9547-456A-B808-760E6DCD9BB7}.Debug|Any CPU.ActiveCfg = Debug|Any CPU
		{1DE22939-9547-456A-B808-760E6DCD9BB7}.Debug|Any CPU.Build.0 = Debug|Any CPU
		{1DE22939-9547-456A-B808-760E6DCD9BB7}.Release|Any CPU.ActiveCfg = Release|Any CPU
		{1DE22939-9547-456A-B808-760E6DCD9BB7}.Release|Any CPU.Build.0 = Release|Any CPU
		{F6B88BAF-392D-4335-BBD9-53B0939FFD13}.Debug|Any CPU.ActiveCfg = Debug|Any CPU
		{F6B88BAF-392D-4335-BBD9-53B0939FFD13}.Debug|Any CPU.Build.0 = Debug|Any CPU
		{F6B88BAF-392D-4335-BBD9-53B0939FFD13}.Release|Any CPU.ActiveCfg = Release|Any CPU
		{F6B88BAF-392D-4335-BBD9-53B0939FFD13}.Release|Any CPU.Build.0 = Release|Any CPU
		{1DC0E72D-9465-404A-A2C0-BDFBCEE7D574}.Debug|Any CPU.ActiveCfg = Debug|Any CPU
		{1DC0E72D-9465-404A-A2C0-BDFBCEE7D574}.Debug|Any CPU.Build.0 = Debug|Any CPU
		{1DC0E72D-9465-404A-A2C0-BDFBCEE7D574}.Release|Any CPU.ActiveCfg = Release|Any CPU
		{1DC0E72D-9465-404A-A2C0-BDFBCEE7D574}.Release|Any CPU.Build.0 = Release|Any CPU
		{75DAC494-ADC7-4ADB-A536-846D4F963FDA}.Debug|Any CPU.ActiveCfg = Debug|Any CPU
		{75DAC494-ADC7-4ADB-A536-846D4F963FDA}.Debug|Any CPU.Build.0 = Debug|Any CPU
		{75DAC494-ADC7-4ADB-A536-846D4F963FDA}.Release|Any CPU.ActiveCfg = Release|Any CPU
		{75DAC494-ADC7-4ADB-A536-846D4F963FDA}.Release|Any CPU.Build.0 = Release|Any CPU
		{10391FBD-4239-412E-A814-E117F55BA310}.Debug|Any CPU.ActiveCfg = Debug|Any CPU
		{10391FBD-4239-412E-A814-E117F55BA310}.Debug|Any CPU.Build.0 = Debug|Any CPU
		{10391FBD-4239-412E-A814-E117F55BA310}.Release|Any CPU.ActiveCfg = Release|Any CPU
		{10391FBD-4239-412E-A814-E117F55BA310}.Release|Any CPU.Build.0 = Release|Any CPU
		{7E5C1652-9914-4C26-ACAE-0EE5EE721C86}.Debug|Any CPU.ActiveCfg = Debug|Any CPU
		{7E5C1652-9914-4C26-ACAE-0EE5EE721C86}.Debug|Any CPU.Build.0 = Debug|Any CPU
		{7E5C1652-9914-4C26-ACAE-0EE5EE721C86}.Release|Any CPU.ActiveCfg = Release|Any CPU
		{7E5C1652-9914-4C26-ACAE-0EE5EE721C86}.Release|Any CPU.Build.0 = Release|Any CPU
		{4D29F672-EB79-48E2-B531-10DB56003EAE}.Debug|Any CPU.ActiveCfg = Debug|Any CPU
		{4D29F672-EB79-48E2-B531-10DB56003EAE}.Debug|Any CPU.Build.0 = Debug|Any CPU
		{4D29F672-EB79-48E2-B531-10DB56003EAE}.Release|Any CPU.ActiveCfg = Release|Any CPU
		{4D29F672-EB79-48E2-B531-10DB56003EAE}.Release|Any CPU.Build.0 = Release|Any CPU
		{4012EB61-A19A-4AA6-B820-3C43A95FBCA2}.Debug|Any CPU.ActiveCfg = Debug|Any CPU
		{4012EB61-A19A-4AA6-B820-3C43A95FBCA2}.Debug|Any CPU.Build.0 = Debug|Any CPU
		{4012EB61-A19A-4AA6-B820-3C43A95FBCA2}.Release|Any CPU.ActiveCfg = Release|Any CPU
		{4012EB61-A19A-4AA6-B820-3C43A95FBCA2}.Release|Any CPU.Build.0 = Release|Any CPU
	EndGlobalSection
	GlobalSection(SolutionProperties) = preSolution
		HideSolutionNode = FALSE
	EndGlobalSection
	GlobalSection(ExtensibilityGlobals) = postSolution
		SolutionGuid = {FF327487-4945-4F41-8B87-B3A071093278}
	EndGlobalSection
EndGlobal
